
Microsoft Visual Studio Solution File, Format Version 12.00
# Visual Studio Version 16
VisualStudioVersion = 16.0.29201.188
MinimumVisualStudioVersion = 10.0.40219.1
Project("{8BC9CEB8-8B4A-11D0-8D11-00A0C91BC942}") = "StupidAR", "StupidAR\StupidAR.vcxproj", "{4E190081-C8E8-4252-ADBF-02B173E3DCDC}"
EndProject
Project("{8BC9CEB8-8B4A-11D0-8D11-00A0C91BC942}") = "BaseClasses", "baseclasses\baseclasses.vcxproj", "{E8A3F6FA-AE1C-4C8E-A0B6-9C8480324EAA}"
EndProject
Project("{8BC9CEB8-8B4A-11D0-8D11-00A0C91BC942}") = "asiosdk", "asiosdk\asiosdk.vcxproj", "{C42EF5AB-57F7-4463-BC2E-235938FFA739}"
EndProject
Project("{8BC9CEB8-8B4A-11D0-8D11-00A0C91BC942}") = "Tests", "Tests\Tests.vcxproj", "{26D620A7-D8D2-449D-A25D-D73AEC0B63AB}"
EndProject
Global
	GlobalSection(SolutionConfigurationPlatforms) = preSolution
		Debug_MBCS|x64 = Debug_MBCS|x64
		Debug_MBCS|x86 = Debug_MBCS|x86
		Debug|x64 = Debug|x64
		Debug|x86 = Debug|x86
		Release_MBCS|x64 = Release_MBCS|x64
		Release_MBCS|x86 = Release_MBCS|x86
		Release|x64 = Release|x64
		Release|x86 = Release|x86
	EndGlobalSection
	GlobalSection(ProjectConfigurationPlatforms) = postSolution
		{4E190081-C8E8-4252-ADBF-02B173E3DCDC}.Debug_MBCS|x64.ActiveCfg = Debug|x64
		{4E190081-C8E8-4252-ADBF-02B173E3DCDC}.Debug_MBCS|x64.Build.0 = Debug|x64
		{4E190081-C8E8-4252-ADBF-02B173E3DCDC}.Debug_MBCS|x86.ActiveCfg = Debug|Win32
		{4E190081-C8E8-4252-ADBF-02B173E3DCDC}.Debug_MBCS|x86.Build.0 = Debug|Win32
		{4E190081-C8E8-4252-ADBF-02B173E3DCDC}.Debug|x64.ActiveCfg = Debug|x64
		{4E190081-C8E8-4252-ADBF-02B173E3DCDC}.Debug|x64.Build.0 = Debug|x64
		{4E190081-C8E8-4252-ADBF-02B173E3DCDC}.Debug|x86.ActiveCfg = Debug|Win32
		{4E190081-C8E8-4252-ADBF-02B173E3DCDC}.Debug|x86.Build.0 = Debug|Win32
		{4E190081-C8E8-4252-ADBF-02B173E3DCDC}.Release_MBCS|x64.ActiveCfg = Release|x64
		{4E190081-C8E8-4252-ADBF-02B173E3DCDC}.Release_MBCS|x64.Build.0 = Release|x64
		{4E190081-C8E8-4252-ADBF-02B173E3DCDC}.Release_MBCS|x86.ActiveCfg = Release|Win32
		{4E190081-C8E8-4252-ADBF-02B173E3DCDC}.Release_MBCS|x86.Build.0 = Release|Win32
		{4E190081-C8E8-4252-ADBF-02B173E3DCDC}.Release|x64.ActiveCfg = Release|x64
		{4E190081-C8E8-4252-ADBF-02B173E3DCDC}.Release|x64.Build.0 = Release|x64
		{4E190081-C8E8-4252-ADBF-02B173E3DCDC}.Release|x86.ActiveCfg = Release|Win32
		{4E190081-C8E8-4252-ADBF-02B173E3DCDC}.Release|x86.Build.0 = Release|Win32
		{E8A3F6FA-AE1C-4C8E-A0B6-9C8480324EAA}.Debug_MBCS|x64.ActiveCfg = Debug_MBCS|x64
		{E8A3F6FA-AE1C-4C8E-A0B6-9C8480324EAA}.Debug_MBCS|x64.Build.0 = Debug_MBCS|x64
		{E8A3F6FA-AE1C-4C8E-A0B6-9C8480324EAA}.Debug_MBCS|x86.ActiveCfg = Debug_MBCS|Win32
		{E8A3F6FA-AE1C-4C8E-A0B6-9C8480324EAA}.Debug_MBCS|x86.Build.0 = Debug_MBCS|Win32
		{E8A3F6FA-AE1C-4C8E-A0B6-9C8480324EAA}.Debug|x64.ActiveCfg = Debug|x64
		{E8A3F6FA-AE1C-4C8E-A0B6-9C8480324EAA}.Debug|x64.Build.0 = Debug|x64
		{E8A3F6FA-AE1C-4C8E-A0B6-9C8480324EAA}.Debug|x86.ActiveCfg = Debug|Win32
		{E8A3F6FA-AE1C-4C8E-A0B6-9C8480324EAA}.Debug|x86.Build.0 = Debug|Win32
		{E8A3F6FA-AE1C-4C8E-A0B6-9C8480324EAA}.Release_MBCS|x64.ActiveCfg = Release_MBCS|x64
		{E8A3F6FA-AE1C-4C8E-A0B6-9C8480324EAA}.Release_MBCS|x64.Build.0 = Release_MBCS|x64
		{E8A3F6FA-AE1C-4C8E-A0B6-9C8480324EAA}.Release_MBCS|x86.ActiveCfg = Release_MBCS|Win32
		{E8A3F6FA-AE1C-4C8E-A0B6-9C8480324EAA}.Release_MBCS|x86.Build.0 = Release_MBCS|Win32
		{E8A3F6FA-AE1C-4C8E-A0B6-9C8480324EAA}.Release|x64.ActiveCfg = Release|x64
		{E8A3F6FA-AE1C-4C8E-A0B6-9C8480324EAA}.Release|x64.Build.0 = Release|x64
		{E8A3F6FA-AE1C-4C8E-A0B6-9C8480324EAA}.Release|x86.ActiveCfg = Release|Win32
		{E8A3F6FA-AE1C-4C8E-A0B6-9C8480324EAA}.Release|x86.Build.0 = Release|Win32
		{C42EF5AB-57F7-4463-BC2E-235938FFA739}.Debug_MBCS|x64.ActiveCfg = Debug|x64
		{C42EF5AB-57F7-4463-BC2E-235938FFA739}.Debug_MBCS|x64.Build.0 = Debug|x64
		{C42EF5AB-57F7-4463-BC2E-235938FFA739}.Debug_MBCS|x86.ActiveCfg = Debug|Win32
		{C42EF5AB-57F7-4463-BC2E-235938FFA739}.Debug_MBCS|x86.Build.0 = Debug|Win32
		{C42EF5AB-57F7-4463-BC2E-235938FFA739}.Debug|x64.ActiveCfg = Debug|x64
		{C42EF5AB-57F7-4463-BC2E-235938FFA739}.Debug|x64.Build.0 = Debug|x64
		{C42EF5AB-57F7-4463-BC2E-235938FFA739}.Debug|x86.ActiveCfg = Debug|Win32
		{C42EF5AB-57F7-4463-BC2E-235938FFA739}.Debug|x86.Build.0 = Debug|Win32
		{C42EF5AB-57F7-4463-BC2E-235938FFA739}.Release_MBCS|x64.ActiveCfg = Release|x64
		{C42EF5AB-57F7-4463-BC2E-235938FFA739}.Release_MBCS|x64.Build.0 = Release|x64
		{C42EF5AB-57F7-4463-BC2E-235938FFA739}.Release_MBCS|x86.ActiveCfg = Release|Win32
		{C42EF5AB-57F7-4463-BC2E-235938FFA739}.Release_MBCS|x86.Build.0 = Release|Win32
		{C42EF5AB-57F7-4463-BC2E-235938FFA739}.Release|x64.ActiveCfg = Release|x64
		{C42EF5AB-57F7-4463-BC2E-235938FFA739}.Release|x64.Build.0 = Release|x64
		{C42EF5AB-57F7-4463-BC2E-235938FFA739}.Release|x86.ActiveCfg = Release|Win32
		{C42EF5AB-57F7-4463-BC2E-235938FFA739}.Release|x86.Build.0 = Release|Win32
		{26D620A7-D8D2-449D-A25D-D73AEC0B63AB}.Debug_MBCS|x64.ActiveCfg = Debug|x64
		{26D620A7-D8D2-449D-A25D-D73AEC0B63AB}.Debug_MBCS|x64.Build.0 = Debug|x64
		{26D620A7-D8D2-449D-A25D-D73AEC0B63AB}.Debug_MBCS|x86.ActiveCfg = Debug|Win32
		{26D620A7-D8D2-449D-A25D-D73AEC0B63AB}.Debug_MBCS|x86.Build.0 = Debug|Win32
		{26D620A7-D8D2-449D-A25D-D73AEC0B63AB}.Debug|x64.ActiveCfg = Debug|x64
		{26D620A7-D8D2-449D-A25D-D73AEC0B63AB}.Debug|x64.Build.0 = Debug|x64
		{26D620A7-D8D2-449D-A25D-D73AEC0B63AB}.Debug|x86.ActiveCfg = Debug|Win32
		{26D620A7-D8D2-449D-A25D-D73AEC0B63AB}.Debug|x86.Build.0 = Debug|Win32
		{26D620A7-D8D2-449D-A25D-D73AEC0B63AB}.Release_MBCS|x64.ActiveCfg = Release|x64
		{26D620A7-D8D2-449D-A25D-D73AEC0B63AB}.Release_MBCS|x64.Build.0 = Release|x64
		{26D620A7-D8D2-449D-A25D-D73AEC0B63AB}.Release_MBCS|x86.ActiveCfg = Release|Win32
		{26D620A7-D8D2-449D-A25D-D73AEC0B63AB}.Release_MBCS|x86.Build.0 = Release|Win32
		{26D620A7-D8D2-449D-A25D-D73AEC0B63AB}.Release|x64.ActiveCfg = Release|x64
		{26D620A7-D8D2-449D-A25D-D73AEC0B63AB}.Release|x64.Build.0 = Release|x64
		{26D620A7-D8D2-449D-A25D-D73AEC0B63AB}.Release|x86.ActiveCfg = Release|Win32
		{26D620A7-D8D2-449D-A25D-D73AEC0B63AB}.Release|x86.Build.0 = Release|Win32
	EndGlobalSection
	GlobalSection(SolutionProperties) = preSolution
		HideSolutionNode = FALSE
	EndGlobalSection
	GlobalSection(ExtensibilityGlobals) = postSolution
		SolutionGuid = {DF16ED7B-5391-41D2-AC86-B34CDE550DE9}
	EndGlobalSection
EndGlobal
